
Microsoft Visual Studio Solution File, Format Version 12.00
# Visual Studio Version 17
VisualStudioVersion = 17.10.34928.147
MinimumVisualStudioVersion = 10.0.40219.1
Project("{FAE04EC0-301F-11D3-BF4B-00C04F79EFBC}") = "WpfApp1", "WpfApp1\WpfApp1.csproj", "{5EE0B73C-B996-4DD5-8A0C-B7C3C829D736}"
EndProject
Global
	GlobalSection(SolutionConfigurationPlatforms) = preSolution
		Debug|Any CPU = Debug|Any CPU
		Release|Any CPU = Release|Any CPU
	EndGlobalSection
	GlobalSection(ProjectConfigurationPlatforms) = postSolution
		{5EE0B73C-B996-4DD5-8A0C-B7C3C829D736}.Debug|Any CPU.ActiveCfg = Debug|Any CPU
		{5EE0B73C-B996-4DD5-8A0C-B7C3C829D736}.Debug|Any CPU.Build.0 = Debug|Any CPU
		{5EE0B73C-B996-4DD5-8A0C-B7C3C829D736}.Release|Any CPU.ActiveCfg = Release|Any CPU
		{5EE0B73C-B996-4DD5-8A0C-B7C3C829D736}.Release|Any CPU.Build.0 = Release|Any CPU
	EndGlobalSection
	GlobalSection(SolutionProperties) = preSolution
		HideSolutionNode = FALSE
	EndGlobalSection
	GlobalSection(ExtensibilityGlobals) = postSolution
		SolutionGuid = {0956196A-2C5F-4290-8E98-585C50BEB35C}
	EndGlobalSection
EndGlobal
